
Microsoft Visual Studio Solution File, Format Version 12.00
# Visual Studio Version 17
VisualStudioVersion = 17.5.33414.496
MinimumVisualStudioVersion = 10.0.40219.1
Project("{FAE04EC0-301F-11D3-BF4B-00C04F79EFBC}") = "CodeFirstApp", "CodeFirstApp\CodeFirstApp.csproj", "{13D123CD-DE4D-45C6-9EC8-5F066082C713}"
EndProject
Global
	GlobalSection(SolutionConfigurationPlatforms) = preSolution
		Debug|Any CPU = Debug|Any CPU
		Release|Any CPU = Release|Any CPU
	EndGlobalSection
	GlobalSection(ProjectConfigurationPlatforms) = postSolution
		{13D123CD-DE4D-45C6-9EC8-5F066082C713}.Debug|Any CPU.ActiveCfg = Debug|Any CPU
		{13D123CD-DE4D-45C6-9EC8-5F066082C713}.Debug|Any CPU.Build.0 = Debug|Any CPU
		{13D123CD-DE4D-45C6-9EC8-5F066082C713}.Release|Any CPU.ActiveCfg = Release|Any CPU
		{13D123CD-DE4D-45C6-9EC8-5F066082C713}.Release|Any CPU.Build.0 = Release|Any CPU
	EndGlobalSection
	GlobalSection(SolutionProperties) = preSolution
		HideSolutionNode = FALSE
	EndGlobalSection
	GlobalSection(ExtensibilityGlobals) = postSolution
		SolutionGuid = {4DE0C9B1-196F-4BC4-A8EF-4A6CD6C3BCC3}
	EndGlobalSection
EndGlobal
